
Microsoft Visual Studio Solution File, Format Version 12.00
# Visual Studio 14
VisualStudioVersion = 14.0.25420.1
MinimumVisualStudioVersion = 10.0.40219.1
Project("{FAE04EC0-301F-11D3-BF4B-00C04F79EFBC}") = "GZ-SpotGate", "GZ-SpotGate\GZ-SpotGate.csproj", "{27408243-3AAB-4B40-B492-A61ADBCEB2F1}"
EndProject
Project("{E24C65DC-7377-472B-9ABA-BC803B73C61A}") = "TicketWebServer", "TicketWebServer\", "{8B0E3F4A-D38E-45D2-8985-3EB9842412F1}"
	ProjectSection(WebsiteProperties) = preProject
		TargetFrameworkMoniker = ".NETFramework,Version%3Dv4.5"
		Debug.AspNetCompiler.VirtualPath = "/localhost_12840"
		Debug.AspNetCompiler.PhysicalPath = "TicketWebServer\"
		Debug.AspNetCompiler.TargetPath = "PrecompiledWeb\localhost_12840\"
		Debug.AspNetCompiler.Updateable = "true"
		Debug.AspNetCompiler.ForceOverwrite = "true"
		Debug.AspNetCompiler.FixedNames = "false"
		Debug.AspNetCompiler.Debug = "True"
		Release.AspNetCompiler.VirtualPath = "/localhost_12840"
		Release.AspNetCompiler.PhysicalPath = "TicketWebServer\"
		Release.AspNetCompiler.TargetPath = "PrecompiledWeb\localhost_12840\"
		Release.AspNetCompiler.Updateable = "true"
		Release.AspNetCompiler.ForceOverwrite = "true"
		Release.AspNetCompiler.FixedNames = "false"
		Release.AspNetCompiler.Debug = "False"
		VWDPort = "12840"
		SlnRelativePath = "TicketWebServer\"
		DefaultWebSiteLanguage = "Visual C#"
	EndProjectSection
EndProject
Project("{FAE04EC0-301F-11D3-BF4B-00C04F79EFBC}") = "GZ-SpotVisual", "GZ-SpotVisual\GZ-SpotVisual.csproj", "{08CEDA7A-4DBC-4D4C-BB95-EE05D706F9B9}"
EndProject
Project("{FAE04EC0-301F-11D3-BF4B-00C04F79EFBC}") = "FaceAPI", "FaceAPI\FaceAPI.csproj", "{A3DDFA5A-D48F-48B7-814B-5B768570E811}"
EndProject
Project("{FAE04EC0-301F-11D3-BF4B-00C04F79EFBC}") = "WindowsFormsApplication1", "WindowsFormsApplication1\WindowsFormsApplication1.csproj", "{0C1176E8-FA47-4123-8973-C1F29DB843DB}"
EndProject
Global
	GlobalSection(SolutionConfigurationPlatforms) = preSolution
		Debug|Any CPU = Debug|Any CPU
		Debug|x86 = Debug|x86
		Release|Any CPU = Release|Any CPU
		Release|x86 = Release|x86
	EndGlobalSection
	GlobalSection(ProjectConfigurationPlatforms) = postSolution
		{27408243-3AAB-4B40-B492-A61ADBCEB2F1}.Debug|Any CPU.ActiveCfg = Debug|Any CPU
		{27408243-3AAB-4B40-B492-A61ADBCEB2F1}.Debug|x86.ActiveCfg = Debug|x86
		{27408243-3AAB-4B40-B492-A61ADBCEB2F1}.Debug|x86.Build.0 = Debug|x86
		{27408243-3AAB-4B40-B492-A61ADBCEB2F1}.Release|Any CPU.ActiveCfg = Release|Any CPU
		{27408243-3AAB-4B40-B492-A61ADBCEB2F1}.Release|Any CPU.Build.0 = Release|Any CPU
		{27408243-3AAB-4B40-B492-A61ADBCEB2F1}.Release|x86.ActiveCfg = Release|x86
		{27408243-3AAB-4B40-B492-A61ADBCEB2F1}.Release|x86.Build.0 = Release|x86
		{8B0E3F4A-D38E-45D2-8985-3EB9842412F1}.Debug|Any CPU.ActiveCfg = Debug|Any CPU
		{8B0E3F4A-D38E-45D2-8985-3EB9842412F1}.Debug|x86.ActiveCfg = Debug|Any CPU
		{8B0E3F4A-D38E-45D2-8985-3EB9842412F1}.Debug|x86.Build.0 = Debug|Any CPU
		{8B0E3F4A-D38E-45D2-8985-3EB9842412F1}.Release|Any CPU.ActiveCfg = Debug|Any CPU
		{8B0E3F4A-D38E-45D2-8985-3EB9842412F1}.Release|Any CPU.Build.0 = Debug|Any CPU
		{8B0E3F4A-D38E-45D2-8985-3EB9842412F1}.Release|x86.ActiveCfg = Debug|Any CPU
		{8B0E3F4A-D38E-45D2-8985-3EB9842412F1}.Release|x86.Build.0 = Debug|Any CPU
		{08CEDA7A-4DBC-4D4C-BB95-EE05D706F9B9}.Debug|Any CPU.ActiveCfg = Debug|Any CPU
		{08CEDA7A-4DBC-4D4C-BB95-EE05D706F9B9}.Debug|x86.ActiveCfg = Debug|x86
		{08CEDA7A-4DBC-4D4C-BB95-EE05D706F9B9}.Debug|x86.Build.0 = Debug|x86
		{08CEDA7A-4DBC-4D4C-BB95-EE05D706F9B9}.Debug|x86.Deploy.0 = Debug|x86
		{08CEDA7A-4DBC-4D4C-BB95-EE05D706F9B9}.Release|Any CPU.ActiveCfg = Release|Any CPU
		{08CEDA7A-4DBC-4D4C-BB95-EE05D706F9B9}.Release|Any CPU.Build.0 = Release|Any CPU
		{08CEDA7A-4DBC-4D4C-BB95-EE05D706F9B9}.Release|Any CPU.Deploy.0 = Release|Any CPU
		{08CEDA7A-4DBC-4D4C-BB95-EE05D706F9B9}.Release|x86.ActiveCfg = Release|x86
		{08CEDA7A-4DBC-4D4C-BB95-EE05D706F9B9}.Release|x86.Build.0 = Release|x86
		{08CEDA7A-4DBC-4D4C-BB95-EE05D706F9B9}.Release|x86.Deploy.0 = Release|x86
		{A3DDFA5A-D48F-48B7-814B-5B768570E811}.Debug|Any CPU.ActiveCfg = Debug|Any CPU
		{A3DDFA5A-D48F-48B7-814B-5B768570E811}.Debug|x86.ActiveCfg = Debug|x86
		{A3DDFA5A-D48F-48B7-814B-5B768570E811}.Debug|x86.Build.0 = Debug|x86
		{A3DDFA5A-D48F-48B7-814B-5B768570E811}.Release|Any CPU.ActiveCfg = Release|Any CPU
		{A3DDFA5A-D48F-48B7-814B-5B768570E811}.Release|Any CPU.Build.0 = Release|Any CPU
		{A3DDFA5A-D48F-48B7-814B-5B768570E811}.Release|x86.ActiveCfg = Release|x86
		{A3DDFA5A-D48F-48B7-814B-5B768570E811}.Release|x86.Build.0 = Release|x86
		{0C1176E8-FA47-4123-8973-C1F29DB843DB}.Debug|Any CPU.ActiveCfg = Debug|Any CPU
		{0C1176E8-FA47-4123-8973-C1F29DB843DB}.Debug|x86.ActiveCfg = Debug|Any CPU
		{0C1176E8-FA47-4123-8973-C1F29DB843DB}.Debug|x86.Build.0 = Debug|Any CPU
		{0C1176E8-FA47-4123-8973-C1F29DB843DB}.Release|Any CPU.ActiveCfg = Release|Any CPU
		{0C1176E8-FA47-4123-8973-C1F29DB843DB}.Release|Any CPU.Build.0 = Release|Any CPU
		{0C1176E8-FA47-4123-8973-C1F29DB843DB}.Release|x86.ActiveCfg = Release|Any CPU
		{0C1176E8-FA47-4123-8973-C1F29DB843DB}.Release|x86.Build.0 = Release|Any CPU
	EndGlobalSection
	GlobalSection(SolutionProperties) = preSolution
		HideSolutionNode = FALSE
	EndGlobalSection
EndGlobal
