
Microsoft Visual Studio Solution File, Format Version 12.00
# Visual Studio 14
VisualStudioVersion = 14.0.25420.1
MinimumVisualStudioVersion = 10.0.40219.1
Project("{FAE04EC0-301F-11D3-BF4B-00C04F79EFBC}") = "GZ-SpotGate", "GZ-SpotGate\GZ-SpotGate.csproj", "{27408243-3AAB-4B40-B492-A61ADBCEB2F1}"
EndProject
Project("{FAE04EC0-301F-11D3-BF4B-00C04F79EFBC}") = "GZ-SpotVisual", "GZ-SpotVisual\GZ-SpotVisual.csproj", "{08CEDA7A-4DBC-4D4C-BB95-EE05D706F9B9}"
EndProject
Project("{FAE04EC0-301F-11D3-BF4B-00C04F79EFBC}") = "FaceAPI", "FaceAPI\FaceAPI.csproj", "{A3DDFA5A-D48F-48B7-814B-5B768570E811}"
EndProject
Project("{FAE04EC0-301F-11D3-BF4B-00C04F79EFBC}") = "IPVoice", "IPVoice\IPVoice.csproj", "{B653185F-3C6C-48D6-9416-C62C3300278F}"
EndProject
Project("{FAE04EC0-301F-11D3-BF4B-00C04F79EFBC}") = "IPVoiceSafe", "IPVoiceSafe\IPVoiceSafe.csproj", "{E0082051-52A5-4FD5-9887-560657331B39}"
EndProject
Project("{FAE04EC0-301F-11D3-BF4B-00C04F79EFBC}") = "WebSocketTest", "WebSocketTest\WebSocketTest.csproj", "{0C1176E8-FA47-4123-8973-C1F29DB843DB}"
EndProject
Project("{FAE04EC0-301F-11D3-BF4B-00C04F79EFBC}") = "RebootTool", "RebootTool\RebootTool.csproj", "{279B6220-29EE-42F2-93B5-696C574796BC}"
EndProject
Project("{FAE04EC0-301F-11D3-BF4B-00C04F79EFBC}") = "GZ-SpotGateEx", "GZ-SpotGateEx\GZ-SpotGateEx.csproj", "{63640E42-EAF2-478C-9019-A92BED66A6B3}"
EndProject
Global
	GlobalSection(SolutionConfigurationPlatforms) = preSolution
		Debug|Any CPU = Debug|Any CPU
		Debug|x86 = Debug|x86
		Release|Any CPU = Release|Any CPU
		Release|x86 = Release|x86
	EndGlobalSection
	GlobalSection(ProjectConfigurationPlatforms) = postSolution
		{27408243-3AAB-4B40-B492-A61ADBCEB2F1}.Debug|Any CPU.ActiveCfg = Debug|Any CPU
		{27408243-3AAB-4B40-B492-A61ADBCEB2F1}.Debug|Any CPU.Build.0 = Debug|Any CPU
		{27408243-3AAB-4B40-B492-A61ADBCEB2F1}.Debug|x86.ActiveCfg = Debug|x86
		{27408243-3AAB-4B40-B492-A61ADBCEB2F1}.Debug|x86.Build.0 = Debug|x86
		{27408243-3AAB-4B40-B492-A61ADBCEB2F1}.Release|Any CPU.ActiveCfg = Release|Any CPU
		{27408243-3AAB-4B40-B492-A61ADBCEB2F1}.Release|Any CPU.Build.0 = Release|Any CPU
		{27408243-3AAB-4B40-B492-A61ADBCEB2F1}.Release|x86.ActiveCfg = Release|x86
		{27408243-3AAB-4B40-B492-A61ADBCEB2F1}.Release|x86.Build.0 = Release|x86
		{08CEDA7A-4DBC-4D4C-BB95-EE05D706F9B9}.Debug|Any CPU.ActiveCfg = Debug|Any CPU
		{08CEDA7A-4DBC-4D4C-BB95-EE05D706F9B9}.Debug|Any CPU.Build.0 = Debug|Any CPU
		{08CEDA7A-4DBC-4D4C-BB95-EE05D706F9B9}.Debug|Any CPU.Deploy.0 = Debug|Any CPU
		{08CEDA7A-4DBC-4D4C-BB95-EE05D706F9B9}.Debug|x86.ActiveCfg = Debug|x86
		{08CEDA7A-4DBC-4D4C-BB95-EE05D706F9B9}.Debug|x86.Build.0 = Debug|x86
		{08CEDA7A-4DBC-4D4C-BB95-EE05D706F9B9}.Debug|x86.Deploy.0 = Debug|x86
		{08CEDA7A-4DBC-4D4C-BB95-EE05D706F9B9}.Release|Any CPU.ActiveCfg = Release|Any CPU
		{08CEDA7A-4DBC-4D4C-BB95-EE05D706F9B9}.Release|Any CPU.Build.0 = Release|Any CPU
		{08CEDA7A-4DBC-4D4C-BB95-EE05D706F9B9}.Release|Any CPU.Deploy.0 = Release|Any CPU
		{08CEDA7A-4DBC-4D4C-BB95-EE05D706F9B9}.Release|x86.ActiveCfg = Release|x86
		{08CEDA7A-4DBC-4D4C-BB95-EE05D706F9B9}.Release|x86.Build.0 = Release|x86
		{08CEDA7A-4DBC-4D4C-BB95-EE05D706F9B9}.Release|x86.Deploy.0 = Release|x86
		{A3DDFA5A-D48F-48B7-814B-5B768570E811}.Debug|Any CPU.ActiveCfg = Debug|Any CPU
		{A3DDFA5A-D48F-48B7-814B-5B768570E811}.Debug|Any CPU.Build.0 = Debug|Any CPU
		{A3DDFA5A-D48F-48B7-814B-5B768570E811}.Debug|x86.ActiveCfg = Debug|x86
		{A3DDFA5A-D48F-48B7-814B-5B768570E811}.Debug|x86.Build.0 = Debug|x86
		{A3DDFA5A-D48F-48B7-814B-5B768570E811}.Release|Any CPU.ActiveCfg = Release|Any CPU
		{A3DDFA5A-D48F-48B7-814B-5B768570E811}.Release|Any CPU.Build.0 = Release|Any CPU
		{A3DDFA5A-D48F-48B7-814B-5B768570E811}.Release|x86.ActiveCfg = Release|x86
		{A3DDFA5A-D48F-48B7-814B-5B768570E811}.Release|x86.Build.0 = Release|x86
		{B653185F-3C6C-48D6-9416-C62C3300278F}.Debug|Any CPU.ActiveCfg = Debug|Any CPU
		{B653185F-3C6C-48D6-9416-C62C3300278F}.Debug|Any CPU.Build.0 = Debug|Any CPU
		{B653185F-3C6C-48D6-9416-C62C3300278F}.Debug|x86.ActiveCfg = Debug|Any CPU
		{B653185F-3C6C-48D6-9416-C62C3300278F}.Debug|x86.Build.0 = Debug|Any CPU
		{B653185F-3C6C-48D6-9416-C62C3300278F}.Release|Any CPU.ActiveCfg = Release|Any CPU
		{B653185F-3C6C-48D6-9416-C62C3300278F}.Release|Any CPU.Build.0 = Release|Any CPU
		{B653185F-3C6C-48D6-9416-C62C3300278F}.Release|x86.ActiveCfg = Release|Any CPU
		{B653185F-3C6C-48D6-9416-C62C3300278F}.Release|x86.Build.0 = Release|Any CPU
		{E0082051-52A5-4FD5-9887-560657331B39}.Debug|Any CPU.ActiveCfg = Debug|Any CPU
		{E0082051-52A5-4FD5-9887-560657331B39}.Debug|Any CPU.Build.0 = Debug|Any CPU
		{E0082051-52A5-4FD5-9887-560657331B39}.Debug|x86.ActiveCfg = Debug|Any CPU
		{E0082051-52A5-4FD5-9887-560657331B39}.Debug|x86.Build.0 = Debug|Any CPU
		{E0082051-52A5-4FD5-9887-560657331B39}.Release|Any CPU.ActiveCfg = Release|Any CPU
		{E0082051-52A5-4FD5-9887-560657331B39}.Release|Any CPU.Build.0 = Release|Any CPU
		{E0082051-52A5-4FD5-9887-560657331B39}.Release|x86.ActiveCfg = Release|Any CPU
		{E0082051-52A5-4FD5-9887-560657331B39}.Release|x86.Build.0 = Release|Any CPU
		{0C1176E8-FA47-4123-8973-C1F29DB843DB}.Debug|Any CPU.ActiveCfg = Debug|Any CPU
		{0C1176E8-FA47-4123-8973-C1F29DB843DB}.Debug|Any CPU.Build.0 = Debug|Any CPU
		{0C1176E8-FA47-4123-8973-C1F29DB843DB}.Debug|x86.ActiveCfg = Debug|Any CPU
		{0C1176E8-FA47-4123-8973-C1F29DB843DB}.Debug|x86.Build.0 = Debug|Any CPU
		{0C1176E8-FA47-4123-8973-C1F29DB843DB}.Release|Any CPU.ActiveCfg = Release|Any CPU
		{0C1176E8-FA47-4123-8973-C1F29DB843DB}.Release|Any CPU.Build.0 = Release|Any CPU
		{0C1176E8-FA47-4123-8973-C1F29DB843DB}.Release|x86.ActiveCfg = Release|Any CPU
		{0C1176E8-FA47-4123-8973-C1F29DB843DB}.Release|x86.Build.0 = Release|Any CPU
		{279B6220-29EE-42F2-93B5-696C574796BC}.Debug|Any CPU.ActiveCfg = Debug|Any CPU
		{279B6220-29EE-42F2-93B5-696C574796BC}.Debug|Any CPU.Build.0 = Debug|Any CPU
		{279B6220-29EE-42F2-93B5-696C574796BC}.Debug|x86.ActiveCfg = Debug|Any CPU
		{279B6220-29EE-42F2-93B5-696C574796BC}.Debug|x86.Build.0 = Debug|Any CPU
		{279B6220-29EE-42F2-93B5-696C574796BC}.Release|Any CPU.ActiveCfg = Release|Any CPU
		{279B6220-29EE-42F2-93B5-696C574796BC}.Release|Any CPU.Build.0 = Release|Any CPU
		{279B6220-29EE-42F2-93B5-696C574796BC}.Release|x86.ActiveCfg = Release|Any CPU
		{279B6220-29EE-42F2-93B5-696C574796BC}.Release|x86.Build.0 = Release|Any CPU
		{63640E42-EAF2-478C-9019-A92BED66A6B3}.Debug|Any CPU.ActiveCfg = Debug|Any CPU
		{63640E42-EAF2-478C-9019-A92BED66A6B3}.Debug|Any CPU.Build.0 = Debug|Any CPU
		{63640E42-EAF2-478C-9019-A92BED66A6B3}.Debug|x86.ActiveCfg = Debug|Any CPU
		{63640E42-EAF2-478C-9019-A92BED66A6B3}.Debug|x86.Build.0 = Debug|Any CPU
		{63640E42-EAF2-478C-9019-A92BED66A6B3}.Release|Any CPU.ActiveCfg = Release|Any CPU
		{63640E42-EAF2-478C-9019-A92BED66A6B3}.Release|Any CPU.Build.0 = Release|Any CPU
		{63640E42-EAF2-478C-9019-A92BED66A6B3}.Release|x86.ActiveCfg = Release|Any CPU
		{63640E42-EAF2-478C-9019-A92BED66A6B3}.Release|x86.Build.0 = Release|Any CPU
	EndGlobalSection
	GlobalSection(SolutionProperties) = preSolution
		HideSolutionNode = FALSE
	EndGlobalSection
EndGlobal
